
Microsoft Visual Studio Solution File, Format Version 12.00
# Visual Studio Version 17
VisualStudioVersion = 17.2.32630.192
MinimumVisualStudioVersion = 10.0.40219.1
Project("{9A19103F-16F7-4668-BE54-9A1E7A4F7556}") = "StockChat", "StockChat\StockChat.csproj", "{11F92982-842F-4C07-96E5-1AC091F338E4}"
EndProject
Project("{FAE04EC0-301F-11D3-BF4B-00C04F79EFBC}") = "StockChat.Tests", "StockChat.Tests\StockChat.Tests.csproj", "{1C53AD53-FCF7-4248-B98E-24991565DA41}"
EndProject
Global
	GlobalSection(SolutionConfigurationPlatforms) = preSolution
		Debug|Any CPU = Debug|Any CPU
		Release|Any CPU = Release|Any CPU
	EndGlobalSection
	GlobalSection(ProjectConfigurationPlatforms) = postSolution
		{11F92982-842F-4C07-96E5-1AC091F338E4}.Debug|Any CPU.ActiveCfg = Debug|Any CPU
		{11F92982-842F-4C07-96E5-1AC091F338E4}.Debug|Any CPU.Build.0 = Debug|Any CPU
		{11F92982-842F-4C07-96E5-1AC091F338E4}.Release|Any CPU.ActiveCfg = Release|Any CPU
		{11F92982-842F-4C07-96E5-1AC091F338E4}.Release|Any CPU.Build.0 = Release|Any CPU
		{1C53AD53-FCF7-4248-B98E-24991565DA41}.Debug|Any CPU.ActiveCfg = Debug|Any CPU
		{1C53AD53-FCF7-4248-B98E-24991565DA41}.Debug|Any CPU.Build.0 = Debug|Any CPU
		{1C53AD53-FCF7-4248-B98E-24991565DA41}.Release|Any CPU.ActiveCfg = Release|Any CPU
		{1C53AD53-FCF7-4248-B98E-24991565DA41}.Release|Any CPU.Build.0 = Release|Any CPU
	EndGlobalSection
	GlobalSection(SolutionProperties) = preSolution
		HideSolutionNode = FALSE
	EndGlobalSection
	GlobalSection(ExtensibilityGlobals) = postSolution
		SolutionGuid = {1DF8AD81-CB4B-4BEE-880E-6AC4C891B64B}
	EndGlobalSection
EndGlobal
